Microsoft Visual Studio Solution File, Format Version 12.00
# Visual Studio Version 16
VisualStudioVersion = 16.0.34407.143
MinimumVisualStudioVersion = 11.0.61219.00
Project("{FAE04EC0-301F-11D3-BF4B-00C04F79EFBC}") = "GrooperCV", "GrooperCV.csproj", "{216F3731-97A0-43BF-B2A9-E9B91F397E2A}"
EndProject
Project("{FAE04EC0-301F-11D3-BF4B-00C04F79EFBC}") = "Tests", "Tests\Tests.csproj", "{7858BDAA-B6EE-4600-9D75-0E877DDC2938}"
EndProject
Global
	GlobalSection(SolutionConfigurationPlatforms) = preSolution
		Debug|Any CPU = Debug|Any CPU
		Release|Any CPU = Release|Any CPU
	EndGlobalSection
	GlobalSection(ProjectConfigurationPlatforms) = postSolution
		{216F3731-97A0-43BF-B2A9-E9B91F397E2A}.Debug|Any CPU.ActiveCfg = Debug|Any CPU
		{216F3731-97A0-43BF-B2A9-E9B91F397E2A}.Debug|Any CPU.Build.0 = Debug|Any CPU
		{216F3731-97A0-43BF-B2A9-E9B91F397E2A}.Release|Any CPU.ActiveCfg = Release|Any CPU
		{216F3731-97A0-43BF-B2A9-E9B91F397E2A}.Release|Any CPU.Build.0 = Release|Any CPU
		{7858BDAA-B6EE-4600-9D75-0E877DDC2938}.Debug|Any CPU.ActiveCfg = Debug|Any CPU
		{7858BDAA-B6EE-4600-9D75-0E877DDC2938}.Debug|Any CPU.Build.0 = Debug|Any CPU
		{7858BDAA-B6EE-4600-9D75-0E877DDC2938}.Release|Any CPU.ActiveCfg = Release|Any CPU
		{7858BDAA-B6EE-4600-9D75-0E877DDC2938}.Release|Any CPU.Build.0 = Release|Any CPU
	EndGlobalSection
	GlobalSection(SolutionProperties) = preSolution
		HideSolutionNode = FALSE
	EndGlobalSection
	GlobalSection(ExtensibilityGlobals) = postSolution
		SolutionGuid = {62af9856-1e21-4c95-a91d-d9ba7e9bb70c}
	EndGlobalSection
EndGlobal
